// !$*UTF8*$!
{
	archiveVersion = 1;
	classes = {
	};
	objectVersion = 56;
	objects = {

/* Begin PBXBuildFile section */
		AE9A4FFB2A13678400ED6DCD /* AppDelegate.swift in Sources */ = {isa = PBXBuildFile; fileRef = AE9A4FFA2A13678400ED6DCD /* AppDelegate.swift */; };
		AE9A4FFD2A13678400ED6DCD /* SceneDelegate.swift in Sources */ = {isa = PBXBuildFile; fileRef = AE9A4FFC2A13678400ED6DCD /* SceneDelegate.swift */; };
		AE9A4FFF2A13678400ED6DCD /* ViewController.swift in Sources */ = {isa = PBXBuildFile; fileRef = AE9A4FFE2A13678400ED6DCD /* ViewController.swift */; };
		AE9A50022A13678400ED6DCD /* Main.storyboard in Resources */ = {isa = PBXBuildFile; fileRef = AE9A50002A13678400ED6DCD /* Main.storyboard */; };
		AE9A50042A13678600ED6DCD /* Assets.xcassets in Resources */ = {isa = PBXBuildFile; fileRef = AE9A50032A13678600ED6DCD /* Assets.xcassets */; };
		AE9A50072A13678600ED6DCD /* LaunchScreen.storyboard in Resources */ = {isa = PBXBuildFile; fileRef = AE9A50052A13678600ED6DCD /* LaunchScreen.storyboard */; };
		AE9A50122A13678600ED6DCD /* ProjectDestinyTests.swift in Sources */ = {isa = PBXBuildFile; fileRef = AE9A50112A13678600ED6DCD /* ProjectDestinyTests.swift */; };
		AE9A501C2A13678600ED6DCD /* ProjectDestinyUITests.swift in Sources */ = {isa = PBXBuildFile; fileRef = AE9A501B2A13678600ED6DCD /* ProjectDestinyUITests.swift */; };
		AE9A501E2A13678600ED6DCD /* ProjectDestinyUITestsLaunchTests.swift in Sources */ = {isa = PBXBuildFile; fileRef = AE9A501D2A13678600ED6DCD /* ProjectDestinyUITestsLaunchTests.swift */; };
/* End PBXBuildFile section */

/* Begin PBXContainerItemProxy section */
		AE9A500E2A13678600ED6DCD /* PBXContainerItemProxy */ = {
			isa = PBXContainerItemProxy;
			containerPortal = AE9A4FEF2A13678400ED6DCD /* Project object */;
			proxyType = 1;
			remoteGlobalIDString = AE9A4FF62A13678400ED6DCD;
			remoteInfo = ProjectDestiny;
		};
		AE9A50182A13678600ED6DCD /* PBXContainerItemProxy */ = {
			isa = PBXContainerItemProxy;
			containerPortal = AE9A4FEF2A13678400ED6DCD /* Project object */;
			proxyType = 1;
			remoteGlobalIDString = AE9A4FF62A13678400ED6DCD;
			remoteInfo = ProjectDestiny;
		};
/* End PBXContainerItemProxy section */

/* Begin PBXFileReference section */
		AE9A4FF72A13678400ED6DCD /* ProjectDestiny.app */ = {isa = PBXFileReference; explicitFileType = wrapper.application; includeInIndex = 0; path = ProjectDestiny.app; sourceTree = BUILT_PRODUCTS_DIR; };
		AE9A4FFA2A13678400ED6DCD /* AppDelegate.swift */ = {isa = PBXFileReference; lastKnownFileType = sourcecode.swift; path = AppDelegate.swift; sourceTree = "<group>"; };
		AE9A4FFC2A13678400ED6DCD /* SceneDelegate.swift */ = {isa = PBXFileReference; lastKnownFileType = sourcecode.swift; path = SceneDelegate.swift; sourceTree = "<group>"; };
		AE9A4FFE2A13678400ED6DCD /* ViewController.swift */ = {isa = PBXFileReference; lastKnownFileType = sourcecode.swift; path = ViewController.swift; sourceTree = "<group>"; };
		AE9A50012A13678400ED6DCD /* Base */ = {isa = PBXFileReference; lastKnownFileType = file.storyboard; name = Base; path = Base.lproj/Main.storyboard; sourceTree = "<group>"; };
		AE9A50032A13678600ED6DCD /* Assets.xcassets */ = {isa = PBXFileReference; lastKnownFileType = folder.assetcatalog; path = Assets.xcassets; sourceTree = "<group>"; };
		AE9A50062A13678600ED6DCD /* Base */ = {isa = PBXFileReference; lastKnownFileType = file.storyboard; name = Base; path = Base.lproj/LaunchScreen.storyboard; sourceTree = "<group>"; };
		AE9A50082A13678600ED6DCD /* Info.plist */ = {isa = PBXFileReference; lastKnownFileType = text.plist.xml; path = Info.plist; sourceTree = "<group>"; };
		AE9A500D2A13678600ED6DCD /* ProjectDestinyTests.xctest */ = {isa = PBXFileReference; explicitFileType = wrapper.cfbundle; includeInIndex = 0; path = ProjectDestinyTests.xctest; sourceTree = BUILT_PRODUCTS_DIR; };
		AE9A50112A13678600ED6DCD /* ProjectDestinyTests.swift */ = {isa = PBXFileReference; lastKnownFileType = sourcecode.swift; path = ProjectDestinyTests.swift; sourceTree = "<group>"; };
		AE9A50172A13678600ED6DCD /* ProjectDestinyUITests.xctest */ = {isa = PBXFileReference; explicitFileType = wrapper.cfbundle; includeInIndex = 0; path = ProjectDestinyUITests.xctest; sourceTree = BUILT_PRODUCTS_DIR; };
		AE9A501B2A13678600ED6DCD /* ProjectDestinyUITests.swift */ = {isa = PBXFileReference; lastKnownFileType = sourcecode.swift; path = ProjectDestinyUITests.swift; sourceTree = "<group>"; };
		AE9A501D2A13678600ED6DCD /* ProjectDestinyUITestsLaunchTests.swift */ = {isa = PBXFileReference; lastKnownFileType = sourcecode.swift; path = ProjectDestinyUITestsLaunchTests.swift; sourceTree = "<group>"; };
/* End PBXFileReference section */

/* Begin PBXFrameworksBuildPhase section */
		AE9A4FF42A13678400ED6DCD /* Frameworks */ = {
			isa = PBXFrameworksBuildPhase;
			buildActionMask = 2147483647;
			files = (
			);
			runOnlyForDeploymentPostprocessing = 0;
		};
		AE9A500A2A13678600ED6DCD /* Frameworks */ = {
			isa = PBXFrameworksBuildPhase;
			buildActionMask = 2147483647;
			files = (
			);
			runOnlyForDeploymentPostprocessing = 0;
		};
		AE9A50142A13678600ED6DCD /* Frameworks */ = {
			isa = PBXFrameworksBuildPhase;
			buildActionMask = 2147483647;
			files = (
			);
			runOnlyForDeploymentPostprocessing = 0;
		};
/* End PBXFrameworksBuildPhase section */

/* Begin PBXGroup section */
		AE9A4FEE2A13678400ED6DCD = {
			isa = PBXGroup;
			children = (
				AE9A4FF92A13678400ED6DCD /* ProjectDestiny */,
				AE9A50102A13678600ED6DCD /* ProjectDestinyTests */,
				AE9A501A2A13678600ED6DCD /* ProjectDestinyUITests */,
				AE9A4FF82A13678400ED6DCD /* Products */,
			);
			sourceTree = "<group>";
		};
		AE9A4FF82A13678400ED6DCD /* Products */ = {
			isa = PBXGroup;
			children = (
				AE9A4FF72A13678400ED6DCD /* ProjectDestiny.app */,
				AE9A500D2A13678600ED6DCD /* ProjectDestinyTests.xctest */,
				AE9A50172A13678600ED6DCD /* ProjectDestinyUITests.xctest */,
			);
			name = Products;
			sourceTree = "<group>";
		};
		AE9A4FF92A13678400ED6DCD /* ProjectDestiny */ = {
			isa = PBXGroup;
			children = (
				AE9A4FFA2A13678400ED6DCD /* AppDelegate.swift */,
				AE9A4FFC2A13678400ED6DCD /* SceneDelegate.swift */,
				AE9A4FFE2A13678400ED6DCD /* ViewController.swift */,
				AE9A50002A13678400ED6DCD /* Main.storyboard */,
				AE9A50032A13678600ED6DCD /* Assets.xcassets */,
				AE9A50052A13678600ED6DCD /* LaunchScreen.storyboard */,
				AE9A50082A13678600ED6DCD /* Info.plist */,
			);
			path = ProjectDestiny;
			sourceTree = "<group>";
		};
		AE9A50102A13678600ED6DCD /* ProjectDestinyTests */ = {
			isa = PBXGroup;
			children = (
				AE9A50112A13678600ED6DCD /* ProjectDestinyTests.swift */,
			);
			path = ProjectDestinyTests;
			sourceTree = "<group>";
		};
		AE9A501A2A13678600ED6DCD /* ProjectDestinyUITests */ = {
			isa = PBXGroup;
			children = (
				AE9A501B2A13678600ED6DCD /* ProjectDestinyUITests.swift */,
				AE9A501D2A13678600ED6DCD /* ProjectDestinyUITestsLaunchTests.swift */,
			);
			path = ProjectDestinyUITests;
			sourceTree = "<group>";
		};
/* End PBXGroup section */

/* Begin PBXNativeTarget section */
		AE9A4FF62A13678400ED6DCD /* ProjectDestiny */ = {
			isa = PBXNativeTarget;
			buildConfigurationList = AE9A50212A13678600ED6DCD /* Build configuration list for PBXNativeTarget "ProjectDestiny" */;
			buildPhases = (
				AE9A4FF32A13678400ED6DCD /* Sources */,
				AE9A4FF42A13678400ED6DCD /* Frameworks */,
				AE9A4FF52A13678400ED6DCD /* Resources */,
			);
			buildRules = (
			);
			dependencies = (
			);
			name = ProjectDestiny;
			productName = ProjectDestiny;
			productReference = AE9A4FF72A13678400ED6DCD /* ProjectDestiny.app */;
			productType = "com.apple.product-type.application";
		};
		AE9A500C2A13678600ED6DCD /* ProjectDestinyTests */ = {
			isa = PBXNativeTarget;
			buildConfigurationList = AE9A50242A13678600ED6DCD /* Build configuration list for PBXNativeTarget "ProjectDestinyTests" */;
			buildPhases = (
				AE9A50092A13678600ED6DCD /* Sources */,
				AE9A500A2A13678600ED6DCD /* Frameworks */,
				AE9A500B2A13678600ED6DCD /* Resources */,
			);
			buildRules = (
			);
			dependencies = (
				AE9A500F2A13678600ED6DCD /* PBXTargetDependency */,
			);
			name = ProjectDestinyTests;
			productName = ProjectDestinyTests;
			productReference = AE9A500D2A13678600ED6DCD /* ProjectDestinyTests.xctest */;
			productType = "com.apple.product-type.bundle.unit-test";
		};
		AE9A50162A13678600ED6DCD /* ProjectDestinyUITests */ = {
			isa = PBXNativeTarget;
			buildConfigurationList = AE9A50272A13678600ED6DCD /* Build configuration list for PBXNativeTarget "ProjectDestinyUITests" */;
			buildPhases = (
				AE9A50132A13678600ED6DCD /* Sources */,
				AE9A50142A13678600ED6DCD /* Frameworks */,
				AE9A50152A13678600ED6DCD /* Resources */,
			);
			buildRules = (
			);
			dependencies = (
				AE9A50192A13678600ED6DCD /* PBXTargetDependency */,
			);
			name = ProjectDestinyUITests;
			productName = ProjectDestinyUITests;
			productReference = AE9A50172A13678600ED6DCD /* ProjectDestinyUITests.xctest */;
			productType = "com.apple.product-type.bundle.ui-testing";
		};
/* End PBXNativeTarget section */

/* Begin PBXProject section */
		AE9A4FEF2A13678400ED6DCD /* Project object */ = {
			isa = PBXProject;
			attributes = {
				BuildIndependentTargetsInParallel = 1;
				LastSwiftUpdateCheck = 1430;
				LastUpgradeCheck = 1430;
				TargetAttributes = {
					AE9A4FF62A13678400ED6DCD = {
						CreatedOnToolsVersion = 14.3;
					};
					AE9A500C2A13678600ED6DCD = {
						CreatedOnToolsVersion = 14.3;
						TestTargetID = AE9A4FF62A13678400ED6DCD;
					};
					AE9A50162A13678600ED6DCD = {
						CreatedOnToolsVersion = 14.3;
						TestTargetID = AE9A4FF62A13678400ED6DCD;
					};
				};
			};
			buildConfigurationList = AE9A4FF22A13678400ED6DCD /* Build configuration list for PBXProject "ProjectDestiny" */;
			compatibilityVersion = "Xcode 14.0";
			developmentRegion = en;
			hasScannedForEncodings = 0;
			knownRegions = (
				en,
				Base,
			);
			mainGroup = AE9A4FEE2A13678400ED6DCD;
			productRefGroup = AE9A4FF82A13678400ED6DCD /* Products */;
			projectDirPath = "";
			projectRoot = "";
			targets = (
				AE9A4FF62A13678400ED6DCD /* ProjectDestiny */,
				AE9A500C2A13678600ED6DCD /* ProjectDestinyTests */,
				AE9A50162A13678600ED6DCD /* ProjectDestinyUITests */,
			);
		};
/* End PBXProject section */

/* Begin PBXResourcesBuildPhase section */
		AE9A4FF52A13678400ED6DCD /* Resources */ = {
			isa = PBXResourcesBuildPhase;
			buildActionMask = 2147483647;
			files = (
				AE9A50072A13678600ED6DCD /* LaunchScreen.storyboard in Resources */,
				AE9A50042A13678600ED6DCD /* Assets.xcassets in Resources */,
				AE9A50022A13678400ED6DCD /* Main.storyboard in Resources */,
			);
			runOnlyForDeploymentPostprocessing = 0;
		};
		AE9A500B2A13678600ED6DCD /* Resources */ = {
			isa = PBXResourcesBuildPhase;
			buildActionMask = 2147483647;
			files = (
			);
			runOnlyForDeploymentPostprocessing = 0;
		};
		AE9A50152A13678600ED6DCD /* Resources */ = {
			isa = PBXResourcesBuildPhase;
			buildActionMask = 2147483647;
			files = (
			);
			runOnlyForDeploymentPostprocessing = 0;
		};
/* End PBXResourcesBuildPhase section */

/* Begin PBXSourcesBuildPhase section */
		AE9A4FF32A13678400ED6DCD /* Sources */ = {
			isa = PBXSourcesBuildPhase;
			buildActionMask = 2147483647;
			files = (
				AE9A4FFF2A13678400ED6DCD /* ViewController.swift in Sources */,
				AE9A4FFB2A13678400ED6DCD /* AppDelegate.swift in Sources */,
				AE9A4FFD2A13678400ED6DCD /* SceneDelegate.swift in Sources */,
			);
			runOnlyForDeploymentPostprocessing = 0;
		};
		AE9A50092A13678600ED6DCD /* Sources */ = {
			isa = PBXSourcesBuildPhase;
			buildActionMask = 2147483647;
			files = (
				AE9A50122A13678600ED6DCD /* ProjectDestinyTests.swift in Sources */,
			);
			runOnlyForDeploymentPostprocessing = 0;
		};
		AE9A50132A13678600ED6DCD /* Sources */ = {
			isa = PBXSourcesBuildPhase;
			buildActionMask = 2147483647;
			files = (
				AE9A501C2A13678600ED6DCD /* ProjectDestinyUITests.swift in Sources */,
				AE9A501E2A13678600ED6DCD /* ProjectDestinyUITestsLaunchTests.swift in Sources */,
			);
			runOnlyForDeploymentPostprocessing = 0;
		};
/* End PBXSourcesBuildPhase section */

/* Begin PBXTargetDependency section */
		AE9A500F2A13678600ED6DCD /* PBXTargetDependency */ = {
			isa = PBXTargetDependency;
			target = AE9A4FF62A13678400ED6DCD /* ProjectDestiny */;
			targetProxy = AE9A500E2A13678600ED6DCD /* PBXContainerItemProxy */;
		};
		AE9A50192A13678600ED6DCD /* PBXTargetDependency */ = {
			isa = PBXTargetDependency;
			target = AE9A4FF62A13678400ED6DCD /* ProjectDestiny */;
			targetProxy = AE9A50182A13678600ED6DCD /* PBXContainerItemProxy */;
		};
/* End PBXTargetDependency section */

/* Begin PBXVariantGroup section */
		AE9A50002A13678400ED6DCD /* Main.storyboard */ = {
			isa = PBXVariantGroup;
			children = (
				AE9A50012A13678400ED6DCD /* Base */,
			);
			name = Main.storyboard;
			sourceTree = "<group>";
		};
		AE9A50052A13678600ED6DCD /* LaunchScreen.storyboard */ = {
			isa = PBXVariantGroup;
			children = (
				AE9A50062A13678600ED6DCD /* Base */,
			);
			name = LaunchScreen.storyboard;
			sourceTree = "<group>";
		};
/* End PBXVariantGroup section */

/* Begin XCBuildConfiguration section */
		AE9A501F2A13678600ED6DCD /* Debug */ = {
			isa = XCBuildConfiguration;
			buildSettings = {
				ALWAYS_SEARCH_USER_PATHS = NO;
				CLANG_ANALYZER_NONNULL = YES;
				CLANG_ANALYZER_NUMBER_OBJECT_CONVERSION = YES_AGGRESSIVE;
				CLANG_CXX_LANGUAGE_STANDARD = "gnu++20";
				CLANG_ENABLE_MODULES = YES;
				CLANG_ENABLE_OBJC_ARC = YES;
				CLANG_ENABLE_OBJC_WEAK = YES;
				CLANG_WARN_BLOCK_CAPTURE_AUTORELEASING = YES;
				CLANG_WARN_BOOL_CONVERSION = YES;
				CLANG_WARN_COMMA = YES;
				CLANG_WARN_CONSTANT_CONVERSION = YES;
				CLANG_WARN_DEPRECATED_OBJC_IMPLEMENTATIONS = YES;
				CLANG_WARN_DIRECT_OBJC_ISA_USAGE = YES_ERROR;
				CLANG_WARN_DOCUMENTATION_COMMENTS = YES;
				CLANG_WARN_EMPTY_BODY = YES;
				CLANG_WARN_ENUM_CONVERSION = YES;
				CLANG_WARN_INFINITE_RECURSION = YES;
				CLANG_WARN_INT_CONVERSION = YES;
				CLANG_WARN_NON_LITERAL_NULL_CONVERSION = YES;
				CLANG_WARN_OBJC_IMPLICIT_RETAIN_SELF = YES;
				CLANG_WARN_OBJC_LITERAL_CONVERSION = YES;
				CLANG_WARN_OBJC_ROOT_CLASS = YES_ERROR;
				CLANG_WARN_QUOTED_INCLUDE_IN_FRAMEWORK_HEADER = YES;
				CLANG_WARN_RANGE_LOOP_ANALYSIS = YES;
				CLANG_WARN_STRICT_PROTOTYPES = YES;
				CLANG_WARN_SUSPICIOUS_MOVE = YES;
				CLANG_WARN_UNGUARDED_AVAILABILITY = YES_AGGRESSIVE;
				CLANG_WARN_UNREACHABLE_CODE = YES;
				CLANG_WARN__DUPLICATE_METHOD_MATCH = YES;
				COPY_PHASE_STRIP = NO;
				DEBUG_INFORMATION_FORMAT = dwarf;
				ENABLE_STRICT_OBJC_MSGSEND = YES;
				ENABLE_TESTABILITY = YES;
				GCC_C_LANGUAGE_STANDARD = gnu11;
				GCC_DYNAMIC_NO_PIC = NO;
				GCC_NO_COMMON_BLOCKS = YES;
				GCC_OPTIMIZATION_LEVEL = 0;
				GCC_PREPROCESSOR_DEFINITIONS = (
					"DEBUG=1",
					"$(inherited)",
				);
				GCC_WARN_64_TO_32_BIT_CONVERSION = YES;
				GCC_WARN_ABOUT_RETURN_TYPE = YES_ERROR;
				GCC_WARN_UNDECLARED_SELECTOR = YES;
				GCC_WARN_UNINITIALIZED_AUTOS = YES_AGGRESSIVE;
				GCC_WARN_UNUSED_FUNCTION = YES;
				GCC_WARN_UNUSED_VARIABLE = YES;
				IPHONEOS_DEPLOYMENT_TARGET = 16.4;
				MTL_ENABLE_DEBUG_INFO = INCLUDE_SOURCE;
				MTL_FAST_MATH = YES;
				ONLY_ACTIVE_ARCH = YES;
				SDKROOT = iphoneos;
				SWIFT_ACTIVE_COMPILATION_CONDITIONS = DEBUG;
				SWIFT_OPTIMIZATION_LEVEL = "-Onone";
			};
			name = Debug;
		};
		AE9A50202A13678600ED6DCD /* Release */ = {
			isa = XCBuildConfiguration;
			buildSettings = {
				ALWAYS_SEARCH_USER_PATHS = NO;
				CLANG_ANALYZER_NONNULL = YES;
				CLANG_ANALYZER_NUMBER_OBJECT_CONVERSION = YES_AGGRESSIVE;
				CLANG_CXX_LANGUAGE_STANDARD = "gnu++20";
				CLANG_ENABLE_MODULES = YES;
				CLANG_ENABLE_OBJC_ARC = YES;
				CLANG_ENABLE_OBJC_WEAK = YES;
				CLANG_WARN_BLOCK_CAPTURE_AUTORELEASING = YES;
				CLANG_WARN_BOOL_CONVERSION = YES;
				CLANG_WARN_COMMA = YES;
				CLANG_WARN_CONSTANT_CONVERSION = YES;
				CLANG_WARN_DEPRECATED_OBJC_IMPLEMENTATIONS = YES;
				CLANG_WARN_DIRECT_OBJC_ISA_USAGE = YES_ERROR;
				CLANG_WARN_DOCUMENTATION_COMMENTS = YES;
				CLANG_WARN_EMPTY_BODY = YES;
				CLANG_WARN_ENUM_CONVERSION = YES;
				CLANG_WARN_INFINITE_RECURSION = YES;
				CLANG_WARN_INT_CONVERSION = YES;
				CLANG_WARN_NON_LITERAL_NULL_CONVERSION = YES;
				CLANG_WARN_OBJC_IMPLICIT_RETAIN_SELF = YES;
				CLANG_WARN_OBJC_LITERAL_CONVERSION = YES;
				CLANG_WARN_OBJC_ROOT_CLASS = YES_ERROR;
				CLANG_WARN_QUOTED_INCLUDE_IN_FRAMEWORK_HEADER = YES;
				CLANG_WARN_RANGE_LOOP_ANALYSIS = YES;
				CLANG_WARN_STRICT_PROTOTYPES = YES;
				CLANG_WARN_SUSPICIOUS_MOVE = YES;
				CLANG_WARN_UNGUARDED_AVAILABILITY = YES_AGGRESSIVE;
				CLANG_WARN_UNREACHABLE_CODE = YES;
				CLANG_WARN__DUPLICATE_METHOD_MATCH = YES;
				COPY_PHASE_STRIP = NO;
				DEBUG_INFORMATION_FORMAT = "dwarf-with-dsym";
				ENABLE_NS_ASSERTIONS = NO;
				ENABLE_STRICT_OBJC_MSGSEND = YES;
				GCC_C_LANGUAGE_STANDARD = gnu11;
				GCC_NO_COMMON_BLOCKS = YES;
				GCC_WARN_64_TO_32_BIT_CONVERSION = YES;
				GCC_WARN_ABOUT_RETURN_TYPE = YES_ERROR;
				GCC_WARN_UNDECLARED_SELECTOR = YES;
				GCC_WARN_UNINITIALIZED_AUTOS = YES_AGGRESSIVE;
				GCC_WARN_UNUSED_FUNCTION = YES;
				GCC_WARN_UNUSED_VARIABLE = YES;
				IPHONEOS_DEPLOYMENT_TARGET = 16.4;
				MTL_ENABLE_DEBUG_INFO = NO;
				MTL_FAST_MATH = YES;
				SDKROOT = iphoneos;
				SWIFT_COMPILATION_MODE = wholemodule;
				SWIFT_OPTIMIZATION_LEVEL = "-O";
				VALIDATE_PRODUCT = YES;
			};
			name = Release;
		};
		AE9A50222A13678600ED6DCD /* Debug */ = {
			isa = XCBuildConfiguration;
			buildSettings = {
				ASSETCATALOG_COMPILER_APPICON_NAME = AppIcon;
				ASSETCATALOG_COMPILER_GLOBAL_ACCENT_COLOR_NAME = AccentColor;
				CODE_SIGN_STYLE = Automatic;
				CURRENT_PROJECT_VERSION = 1;
				GENERATE_INFOPLIST_FILE = YES;
				INFOPLIST_FILE = ProjectDestiny/Info.plist;
				INFOPLIST_KEY_UIApplicationSupportsIndirectInputEvents = YES;
				INFOPLIST_KEY_UILaunchStoryboardName = LaunchScreen;
				INFOPLIST_KEY_UIMainStoryboardFile = Main;
				INFOPLIST_KEY_UISupportedInterfaceOrientations_iPad = "UIInterfaceOrientationPortrait UIInterfaceOrientationPortraitUpsideDown UIInterfaceOrientationLandscapeLeft UIInterfaceOrientationLandscapeRight";
				INFOPLIST_KEY_UISupportedInterfaceOrientations_iPhone = "UIInterfaceOrientationPortrait UIInterfaceOrientationLandscapeLeft UIInterfaceOrientationLandscapeRight";
				LD_RUNPATH_SEARCH_PATHS = (
					"$(inherited)",
					"@executable_path/Frameworks",
				);
				MARKETING_VERSION = 1.0;
				PRODUCT_BUNDLE_IDENTIFIER = com.adamanti.ProjectDestiny;
				PRODUCT_NAME = "$(TARGET_NAME)";
				SWIFT_EMIT_LOC_STRINGS = YES;
				SWIFT_VERSION = 5.0;
				TARGETED_DEVICE_FAMILY = "1,2";
			};
			name = Debug;
		};
		AE9A50232A13678600ED6DCD /* Release */ = {
			isa = XCBuildConfiguration;
			buildSettings = {
				ASSETCATALOG_COMPILER_APPICON_NAME = AppIcon;
				ASSETCATALOG_COMPILER_GLOBAL_ACCENT_COLOR_NAME = AccentColor;
				CODE_SIGN_STYLE = Automatic;
				CURRENT_PROJECT_VERSION = 1;
				GENERATE_INFOPLIST_FILE = YES;
				INFOPLIST_FILE = ProjectDestiny/Info.plist;
				INFOPLIST_KEY_UIApplicationSupportsIndirectInputEvents = YES;
				INFOPLIST_KEY_UILaunchStoryboardName = LaunchScreen;
				INFOPLIST_KEY_UIMainStoryboardFile = Main;
				INFOPLIST_KEY_UISupportedInterfaceOrientations_iPad = "UIInterfaceOrientationPortrait UIInterfaceOrientationPortraitUpsideDown UIInterfaceOrientationLandscapeLeft UIInterfaceOrientationLandscapeRight";
				INFOPLIST_KEY_UISupportedInterfaceOrientations_iPhone = "UIInterfaceOrientationPortrait UIInterfaceOrientationLandscapeLeft UIInterfaceOrientationLandscapeRight";
				LD_RUNPATH_SEARCH_PATHS = (
					"$(inherited)",
					"@executable_path/Frameworks",
				);
				MARKETING_VERSION = 1.0;
				PRODUCT_BUNDLE_IDENTIFIER = com.adamanti.ProjectDestiny;
				PRODUCT_NAME = "$(TARGET_NAME)";
				SWIFT_EMIT_LOC_STRINGS = YES;
				SWIFT_VERSION = 5.0;
				TARGETED_DEVICE_FAMILY = "1,2";
			};
			name = Release;
		};
		AE9A50252A13678600ED6DCD /* Debug */ = {
			isa = XCBuildConfiguration;
			buildSettings = {
				ALWAYS_EMBED_SWIFT_STANDARD_LIBRARIES = YES;
				BUNDLE_LOADER = "$(TEST_HOST)";
				CODE_SIGN_STYLE = Automatic;
				CURRENT_PROJECT_VERSION = 1;
				GENERATE_INFOPLIST_FILE = YES;
				IPHONEOS_DEPLOYMENT_TARGET = 16.4;
				MARKETING_VERSION = 1.0;
				PRODUCT_BUNDLE_IDENTIFIER = com.adamanti.ProjectDestinyTests;
				PRODUCT_NAME = "$(TARGET_NAME)";
				SWIFT_EMIT_LOC_STRINGS = NO;
				SWIFT_VERSION = 5.0;
				TARGETED_DEVICE_FAMILY = "1,2";
				TEST_HOST = "$(BUILT_PRODUCTS_DIR)/ProjectDestiny.app/$(BUNDLE_EXECUTABLE_FOLDER_PATH)/ProjectDestiny";
			};
			name = Debug;
		};
		AE9A50262A13678600ED6DCD /* Release */ = {
			isa = XCBuildConfiguration;
			buildSettings = {
				ALWAYS_EMBED_SWIFT_STANDARD_LIBRARIES = YES;
				BUNDLE_LOADER = "$(TEST_HOST)";
				CODE_SIGN_STYLE = Automatic;
				CURRENT_PROJECT_VERSION = 1;
				GENERATE_INFOPLIST_FILE = YES;
				IPHONEOS_DEPLOYMENT_TARGET = 16.4;
				MARKETING_VERSION = 1.0;
				PRODUCT_BUNDLE_IDENTIFIER = com.adamanti.ProjectDestinyTests;
				PRODUCT_NAME = "$(TARGET_NAME)";
				SWIFT_EMIT_LOC_STRINGS = NO;
				SWIFT_VERSION = 5.0;
				TARGETED_DEVICE_FAMILY = "1,2";
				TEST_HOST = "$(BUILT_PRODUCTS_DIR)/ProjectDestiny.app/$(BUNDLE_EXECUTABLE_FOLDER_PATH)/ProjectDestiny";
			};
			name = Release;
		};
		AE9A50282A13678600ED6DCD /* Debug */ = {
			isa = XCBuildConfiguration;
			buildSettings = {
				ALWAYS_EMBED_SWIFT_STANDARD_LIBRARIES = YES;
				CODE_SIGN_STYLE = Automatic;
				CURRENT_PROJECT_VERSION = 1;
				GENERATE_INFOPLIST_FILE = YES;
				MARKETING_VERSION = 1.0;
				PRODUCT_BUNDLE_IDENTIFIER = com.adamanti.ProjectDestinyUITests;
				PRODUCT_NAME = "$(TARGET_NAME)";
				SWIFT_EMIT_LOC_STRINGS = NO;
				SWIFT_VERSION = 5.0;
				TARGETED_DEVICE_FAMILY = "1,2";
				TEST_TARGET_NAME = ProjectDestiny;
			};
			name = Debug;
		};
		AE9A50292A13678600ED6DCD /* Release */ = {
			isa = XCBuildConfiguration;
			buildSettings = {
				ALWAYS_EMBED_SWIFT_STANDARD_LIBRARIES = YES;
				CODE_SIGN_STYLE = Automatic;
				CURRENT_PROJECT_VERSION = 1;
				GENERATE_INFOPLIST_FILE = YES;
				MARKETING_VERSION = 1.0;
				PRODUCT_BUNDLE_IDENTIFIER = com.adamanti.ProjectDestinyUITests;
				PRODUCT_NAME = "$(TARGET_NAME)";
				SWIFT_EMIT_LOC_STRINGS = NO;
				SWIFT_VERSION = 5.0;
				TARGETED_DEVICE_FAMILY = "1,2";
				TEST_TARGET_NAME = ProjectDestiny;
			};
			name = Release;
		};
/* End XCBuildConfiguration section */

/* Begin XCConfigurationList section */
		AE9A4FF22A13678400ED6DCD /* Build configuration list for PBXProject "ProjectDestiny" */ = {
			isa = XCConfigurationList;
			buildConfigurations = (
				AE9A501F2A13678600ED6DCD /* Debug */,
				AE9A50202A13678600ED6DCD /* Release */,
			);
			defaultConfigurationIsVisible = 0;
			defaultConfigurationName = Release;
		};
		AE9A50212A13678600ED6DCD /* Build configuration list for PBXNativeTarget "ProjectDestiny" */ = {
			isa = XCConfigurationList;
			buildConfigurations = (
				AE9A50222A13678600ED6DCD /* Debug */,
				AE9A50232A13678600ED6DCD /* Release */,
			);
			defaultConfigurationIsVisible = 0;
			defaultConfigurationName = Release;
		};
		AE9A50242A13678600ED6DCD /* Build configuration list for PBXNativeTarget "ProjectDestinyTests" */ = {
			isa = XCConfigurationList;
			buildConfigurations = (
				AE9A50252A13678600ED6DCD /* Debug */,
				AE9A50262A13678600ED6DCD /* Release */,
			);
			defaultConfigurationIsVisible = 0;
			defaultConfigurationName = Release;
		};
		AE9A50272A13678600ED6DCD /* Build configuration list for PBXNativeTarget "ProjectDestinyUITests" */ = {
			isa = XCConfigurationList;
			buildConfigurations = (
				AE9A50282A13678600ED6DCD /* Debug */,
				AE9A50292A13678600ED6DCD /* Release */,
			);
			defaultConfigurationIsVisible = 0;
			defaultConfigurationName = Release;
		};
/* End XCConfigurationList section */
	};
	rootObject = AE9A4FEF2A13678400ED6DCD /* Project object */;
}
